
Microsoft Visual Studio Solution File, Format Version 12.00
# Visual Studio Version 17
VisualStudioVersion = 17.1.32210.238
MinimumVisualStudioVersion = 10.0.40219.1
Project("{FAE04EC0-301F-11D3-BF4B-00C04F79EFBC}") = "ExampleJsonPost", "ExampleJsonPost\ExampleJsonPost.csproj", "{D5D77872-1126-4A79-BBC0-8D568F7A46E4}"
EndProject
Global
	GlobalSection(SolutionConfigurationPlatforms) = preSolution
		Debug|Any CPU = Debug|Any CPU
		Release|Any CPU = Release|Any CPU
	EndGlobalSection
	GlobalSection(ProjectConfigurationPlatforms) = postSolution
		{D5D77872-1126-4A79-BBC0-8D568F7A46E4}.Debug|Any CPU.ActiveCfg = Debug|Any CPU
		{D5D77872-1126-4A79-BBC0-8D568F7A46E4}.Debug|Any CPU.Build.0 = Debug|Any CPU
		{D5D77872-1126-4A79-BBC0-8D568F7A46E4}.Release|Any CPU.ActiveCfg = Release|Any CPU
		{D5D77872-1126-4A79-BBC0-8D568F7A46E4}.Release|Any CPU.Build.0 = Release|Any CPU
	EndGlobalSection
	GlobalSection(SolutionProperties) = preSolution
		HideSolutionNode = FALSE
	EndGlobalSection
	GlobalSection(ExtensibilityGlobals) = postSolution
		SolutionGuid = {BE1EB2D0-86C5-497F-AC58-D6AFD6D05999}
	EndGlobalSection
EndGlobal
